github.com/aead/cmac v0.0.0-20160719120800-7af84192f0b1 h1:+JkXLHME8vLJafGhOH4aoV2Iu8bR55nU6iKMVfYVLjY=
github.com/aead/cmac v0.0.0-20160719120800-7af84192f0b1/go.mod h1:nuudZmJhzWtx2212z+pkuy7B6nkBqa+xwNXZHL1j8cg=
github.com/ebfe/scard v0.0.0-20241214075232-7af069cabc25 h1:vXmXuiy1tgifTqWAAaU+ESu1goRp4B3fdhemWMMrS4g=
github.com/ebfe/scard v0.0.0-20241214075232-7af069cabc25/go.mod h1:BkYEeWL6FbT4Ek+TcOBnPzEKnL7kOq2g19tTQXkorHY=
github.com/fxamacker/cbor/v2 v2.9.4 h1:xwjVlxEMR3S605oUlgBjKLTTeGFciYPGYCtF/35LKGo=
github.com/fxamacker/cbor/v2 v2.9.4/go.mod h1:vM4b+DJCtHn+zz7h3FFp/hDAI9WNWCsZj23V5ytsSxQ=
github.com/gmrtd/gmrtd v1.3.3 h1:UCTA7r+c+ORr5vR0QEbRUyflrpPSiJH3vFQxAI1d0J4=
github.com/gmrtd/gmrtd v1.3.3/go.mod h1:95uMPHNyVhvwGmwZUN2hUw4NBuWgQGw7y8kzaYTqBSc=
github.com/osanderson/brainpool v1.0.0 h1:APN9IiMKDVNgiERIMm4D5sTRLobVI/GK2nIofZr8N3g=
github.com/osanderson/brainpool v1.0.0/go.mod h1:LUYLv8+wgWKKP+MZcvXJ+BkQlpakINAEAMOwG9OL66Y=
github.com/x448/float16 v0.8.4 h1:qLwI1I70+NjRFUR3zs1JPUCgaCXSh3SW62uAKT1mSBM=
github.com/x448/float16 v0.8.4/go.mod h1:14CWIYCyZA/cWjXOioeEpHeN/83MdbZDRQHoFcYsOfg=
golang.org/x/text v0.14.0 h1:ScX5w1eTa3QqT8oi6+ziP7dTV1S2+ALU0bI+0zXKWiQ=
golang.org/x/text v0.14.0/go.mod h1:18ZOQIKpY8NJVqYksKHtTdi31H5itFRjB5/qKTNYzSU=
